<?xml version="1.0" encoding="utf-8"?>
<Project ToolsVersion="4.0" xmlns="http://schemas.microsoft.com/developer/msbuild/2003">
  <ItemGroup>
    <Filter Include="WindowForm">
      <UniqueIdentifier>{88bfd444-ba65-4ec2-8f18-8da4d11b2c2a}</UniqueIdentifier>
    </Filter>
  </ItemGroup>
  <ItemGroup>
    <ClCompile Include="SourceFile\WindowForm\WindowForm.cpp">
      <Filter>WindowForm</Filter>
    </ClCompile>
  </ItemGroup>
</Project>